
Microsoft Visual Studio Solution File, Format Version 12.00
# Visual Studio Version 17
VisualStudioVersion = 17.11.35303.130
MinimumVisualStudioVersion = 10.0.40219.1
Project("{2150E333-8FDC-42A3-9474-1A3956D46DE8}") = "Task0", "Task0", "{51A55E7B-0823-491B-A607-E732FA7E333A}"
EndProject
Project("{9A19103F-16F7-4668-BE54-9A1E7A4F7556}") = "Tyuiu.SanzyapovOD.Sprint1.Task0.V12", "Tyuiu.SanzyapovOD.Sprint1.Task0.V12\Tyuiu.SanzyapovOD.Sprint1.Task0.V12.csproj", "{6C9F158D-6A84-45EA-8C5C-9244B39E8D11}"
EndProject
Project("{9A19103F-16F7-4668-BE54-9A1E7A4F7556}") = "Tyuiu.SanzyapovOD.Sprint1.Task0.V12.Lib", "Tyuiu.SanzyapovOD.Sprint1.Task0.V12.Lib\Tyuiu.SanzyapovOD.Sprint1.Task0.V12.Lib.csproj", "{908D9083-E4A7-45FA-8BAD-C46AD3B5EB51}"
EndProject
Project("{9A19103F-16F7-4668-BE54-9A1E7A4F7556}") = "Tyuiu.SanzyapovOD.Sprint1.Task0.V12.Test", "Tyuiu.SanzyapovOD.Sprint1.Task0.V12.Test\Tyuiu.SanzyapovOD.Sprint1.Task0.V12.Test.csproj", "{79338EE4-027F-4828-973E-5951D04B34D6}"
EndProject
Project("{2150E333-8FDC-42A3-9474-1A3956D46DE8}") = "Task1", "Task1", "{1B026FEA-7686-4AB0-8625-3807FD6BF2EE}"
EndProject
Project("{9A19103F-16F7-4668-BE54-9A1E7A4F7556}") = "Tyuiu.SanzyapovOD.Sprint1.Task1.V6", "Tyuiu.SanzyapovOD.Sprint1.Task1.V6\Tyuiu.SanzyapovOD.Sprint1.Task1.V6.csproj", "{D883DF1C-FFA8-497E-B84D-4FBF03751ADB}"
EndProject
Project("{9A19103F-16F7-4668-BE54-9A1E7A4F7556}") = "Tyuiu.SanzyapovOD.Sprint1.Task1.V6.Lib", "Tyuiu.SanzyapovOD.Sprint1.Task1.V6.Lib\Tyuiu.SanzyapovOD.Sprint1.Task1.V6.Lib.csproj", "{D48631A8-ED58-406D-9905-711295D8BAE2}"
EndProject
Project("{9A19103F-16F7-4668-BE54-9A1E7A4F7556}") = "Tyuiu.SanzyapovOD.Sprint1.Task1.V6.Test", "Tyuiu.SanzyapovOD.Sprint1.Task1.V6.Test\Tyuiu.SanzyapovOD.Sprint1.Task1.V6.Test.csproj", "{F1CCECDB-9786-41FF-8ED0-8E1D7B14C55A}"
EndProject
Project("{2150E333-8FDC-42A3-9474-1A3956D46DE8}") = "Task2", "Task2", "{C8EFC485-3B7D-4B7C-8E37-C29672E47404}"
EndProject
Project("{FAE04EC0-301F-11D3-BF4B-00C04F79EFBC}") = "Tyuiu.SanzyapovOD.Sprint1.Task2.V29", "Tyuiu.SanzyapovOD.Sprint1.Task2.V29\Tyuiu.SanzyapovOD.Sprint1.Task2.V29.csproj", "{409488F1-B79E-41C6-8661-8A02DE9DC95A}"
EndProject
Project("{FAE04EC0-301F-11D3-BF4B-00C04F79EFBC}") = "Tyuiu.SanzyapovOD.Sprint1.Task2.V29.Lib", "Tyuiu.SanzyapovOD.Sprint1.Task2.V29.Lib\Tyuiu.SanzyapovOD.Sprint1.Task2.V29.Lib.csproj", "{D84C891C-C117-4CFD-8F14-3E591368A99C}"
EndProject
Project("{FAE04EC0-301F-11D3-BF4B-00C04F79EFBC}") = "Tyuiu.SanzyapovOD.Sprint1.Task2.V29.Test", "Tyuiu.SanzyapovOD.Sprint1.Task2.V29.Test\Tyuiu.SanzyapovOD.Sprint1.Task2.V29.Test.csproj", "{0F625F59-DF8F-43F5-A19E-56705C55EFF7}"
EndProject
Project("{2150E333-8FDC-42A3-9474-1A3956D46DE8}") = "Task3", "Task3", "{7C4E5D21-F126-4D6E-B750-846C87A4CAEE}"
EndProject
Project("{FAE04EC0-301F-11D3-BF4B-00C04F79EFBC}") = "Tyuiu.SanzyapovOD.Sprint1.Task3.V17", "Tyuiu.SanzyapovOD.Sprint1.Task3.V17\Tyuiu.SanzyapovOD.Sprint1.Task3.V17.csproj", "{FAB13D26-C8B9-4AFF-80F1-5B2A05E81AE4}"
EndProject
Project("{FAE04EC0-301F-11D3-BF4B-00C04F79EFBC}") = "Tyuiu.SanzyapovOD.Sprint1.Task3.V17.Lib", "Tyuiu.SanzyapovOD.Sprint1.Task3.V17.Lib\Tyuiu.SanzyapovOD.Sprint1.Task3.V17.Lib.csproj", "{D0D0A5B9-55FB-46B5-ADDF-9326C20AD7BB}"
EndProject
Project("{FAE04EC0-301F-11D3-BF4B-00C04F79EFBC}") = "Tyuiu.SanzyapovOD.Sprint1.Task3.V17.Test", "Tyuiu.SanzyapovOD.Sprint1.Task3.V17.Test\Tyuiu.SanzyapovOD.Sprint1.Task3.V17.Test.csproj", "{0C8607B7-AD01-4DB5-B6D0-300C0F2F966B}"
EndProject
Global
	GlobalSection(SolutionConfigurationPlatforms) = preSolution
		Debug|Any CPU = Debug|Any CPU
		Release|Any CPU = Release|Any CPU
	EndGlobalSection
	GlobalSection(ProjectConfigurationPlatforms) = postSolution
		{6C9F158D-6A84-45EA-8C5C-9244B39E8D11}.Debug|Any CPU.ActiveCfg = Debug|Any CPU
		{6C9F158D-6A84-45EA-8C5C-9244B39E8D11}.Debug|Any CPU.Build.0 = Debug|Any CPU
		{6C9F158D-6A84-45EA-8C5C-9244B39E8D11}.Release|Any CPU.ActiveCfg = Release|Any CPU
		{6C9F158D-6A84-45EA-8C5C-9244B39E8D11}.Release|Any CPU.Build.0 = Release|Any CPU
		{908D9083-E4A7-45FA-8BAD-C46AD3B5EB51}.Debug|Any CPU.ActiveCfg = Debug|Any CPU
		{908D9083-E4A7-45FA-8BAD-C46AD3B5EB51}.Debug|Any CPU.Build.0 = Debug|Any CPU
		{908D9083-E4A7-45FA-8BAD-C46AD3B5EB51}.Release|Any CPU.ActiveCfg = Release|Any CPU
		{908D9083-E4A7-45FA-8BAD-C46AD3B5EB51}.Release|Any CPU.Build.0 = Release|Any CPU
		{79338EE4-027F-4828-973E-5951D04B34D6}.Debug|Any CPU.ActiveCfg = Debug|Any CPU
		{79338EE4-027F-4828-973E-5951D04B34D6}.Debug|Any CPU.Build.0 = Debug|Any CPU
		{79338EE4-027F-4828-973E-5951D04B34D6}.Release|Any CPU.ActiveCfg = Release|Any CPU
		{79338EE4-027F-4828-973E-5951D04B34D6}.Release|Any CPU.Build.0 = Release|Any CPU
		{D883DF1C-FFA8-497E-B84D-4FBF03751ADB}.Debug|Any CPU.ActiveCfg = Debug|Any CPU
		{D883DF1C-FFA8-497E-B84D-4FBF03751ADB}.Debug|Any CPU.Build.0 = Debug|Any CPU
		{D883DF1C-FFA8-497E-B84D-4FBF03751ADB}.Release|Any CPU.ActiveCfg = Release|Any CPU
		{D883DF1C-FFA8-497E-B84D-4FBF03751ADB}.Release|Any CPU.Build.0 = Release|Any CPU
		{D48631A8-ED58-406D-9905-711295D8BAE2}.Debug|Any CPU.ActiveCfg = Debug|Any CPU
		{D48631A8-ED58-406D-9905-711295D8BAE2}.Debug|Any CPU.Build.0 = Debug|Any CPU
		{D48631A8-ED58-406D-9905-711295D8BAE2}.Release|Any CPU.ActiveCfg = Release|Any CPU
		{D48631A8-ED58-406D-9905-711295D8BAE2}.Release|Any CPU.Build.0 = Release|Any CPU
		{F1CCECDB-9786-41FF-8ED0-8E1D7B14C55A}.Debug|Any CPU.ActiveCfg = Debug|Any CPU
		{F1CCECDB-9786-41FF-8ED0-8E1D7B14C55A}.Debug|Any CPU.Build.0 = Debug|Any CPU
		{F1CCECDB-9786-41FF-8ED0-8E1D7B14C55A}.Release|Any CPU.ActiveCfg = Release|Any CPU
		{F1CCECDB-9786-41FF-8ED0-8E1D7B14C55A}.Release|Any CPU.Build.0 = Release|Any CPU
		{409488F1-B79E-41C6-8661-8A02DE9DC95A}.Debug|Any CPU.ActiveCfg = Debug|Any CPU
		{409488F1-B79E-41C6-8661-8A02DE9DC95A}.Debug|Any CPU.Build.0 = Debug|Any CPU
		{409488F1-B79E-41C6-8661-8A02DE9DC95A}.Release|Any CPU.ActiveCfg = Release|Any CPU
		{409488F1-B79E-41C6-8661-8A02DE9DC95A}.Release|Any CPU.Build.0 = Release|Any CPU
		{D84C891C-C117-4CFD-8F14-3E591368A99C}.Debug|Any CPU.ActiveCfg = Debug|Any CPU
		{D84C891C-C117-4CFD-8F14-3E591368A99C}.Debug|Any CPU.Build.0 = Debug|Any CPU
		{D84C891C-C117-4CFD-8F14-3E591368A99C}.Release|Any CPU.ActiveCfg = Release|Any CPU
		{D84C891C-C117-4CFD-8F14-3E591368A99C}.Release|Any CPU.Build.0 = Release|Any CPU
		{0F625F59-DF8F-43F5-A19E-56705C55EFF7}.Debug|Any CPU.ActiveCfg = Debug|Any CPU
		{0F625F59-DF8F-43F5-A19E-56705C55EFF7}.Debug|Any CPU.Build.0 = Debug|Any CPU
		{0F625F59-DF8F-43F5-A19E-56705C55EFF7}.Release|Any CPU.ActiveCfg = Release|Any CPU
		{0F625F59-DF8F-43F5-A19E-56705C55EFF7}.Release|Any CPU.Build.0 = Release|Any CPU
		{FAB13D26-C8B9-4AFF-80F1-5B2A05E81AE4}.Debug|Any CPU.ActiveCfg = Debug|Any CPU
		{FAB13D26-C8B9-4AFF-80F1-5B2A05E81AE4}.Debug|Any CPU.Build.0 = Debug|Any CPU
		{FAB13D26-C8B9-4AFF-80F1-5B2A05E81AE4}.Release|Any CPU.ActiveCfg = Release|Any CPU
		{FAB13D26-C8B9-4AFF-80F1-5B2A05E81AE4}.Release|Any CPU.Build.0 = Release|Any CPU
		{D0D0A5B9-55FB-46B5-ADDF-9326C20AD7BB}.Debug|Any CPU.ActiveCfg = Debug|Any CPU
		{D0D0A5B9-55FB-46B5-ADDF-9326C20AD7BB}.Debug|Any CPU.Build.0 = Debug|Any CPU
		{D0D0A5B9-55FB-46B5-ADDF-9326C20AD7BB}.Release|Any CPU.ActiveCfg = Release|Any CPU
		{D0D0A5B9-55FB-46B5-ADDF-9326C20AD7BB}.Release|Any CPU.Build.0 = Release|Any CPU
		{0C8607B7-AD01-4DB5-B6D0-300C0F2F966B}.Debug|Any CPU.ActiveCfg = Debug|Any CPU
		{0C8607B7-AD01-4DB5-B6D0-300C0F2F966B}.Debug|Any CPU.Build.0 = Debug|Any CPU
		{0C8607B7-AD01-4DB5-B6D0-300C0F2F966B}.Release|Any CPU.ActiveCfg = Release|Any CPU
		{0C8607B7-AD01-4DB5-B6D0-300C0F2F966B}.Release|Any CPU.Build.0 = Release|Any CPU
	EndGlobalSection
	GlobalSection(SolutionProperties) = preSolution
		HideSolutionNode = FALSE
	EndGlobalSection
	GlobalSection(NestedProjects) = preSolution
		{6C9F158D-6A84-45EA-8C5C-9244B39E8D11} = {51A55E7B-0823-491B-A607-E732FA7E333A}
		{908D9083-E4A7-45FA-8BAD-C46AD3B5EB51} = {51A55E7B-0823-491B-A607-E732FA7E333A}
		{79338EE4-027F-4828-973E-5951D04B34D6} = {51A55E7B-0823-491B-A607-E732FA7E333A}
		{D883DF1C-FFA8-497E-B84D-4FBF03751ADB} = {1B026FEA-7686-4AB0-8625-3807FD6BF2EE}
		{D48631A8-ED58-406D-9905-711295D8BAE2} = {1B026FEA-7686-4AB0-8625-3807FD6BF2EE}
		{F1CCECDB-9786-41FF-8ED0-8E1D7B14C55A} = {1B026FEA-7686-4AB0-8625-3807FD6BF2EE}
		{409488F1-B79E-41C6-8661-8A02DE9DC95A} = {C8EFC485-3B7D-4B7C-8E37-C29672E47404}
		{D84C891C-C117-4CFD-8F14-3E591368A99C} = {C8EFC485-3B7D-4B7C-8E37-C29672E47404}
		{0F625F59-DF8F-43F5-A19E-56705C55EFF7} = {C8EFC485-3B7D-4B7C-8E37-C29672E47404}
		{FAB13D26-C8B9-4AFF-80F1-5B2A05E81AE4} = {7C4E5D21-F126-4D6E-B750-846C87A4CAEE}
		{D0D0A5B9-55FB-46B5-ADDF-9326C20AD7BB} = {7C4E5D21-F126-4D6E-B750-846C87A4CAEE}
		{0C8607B7-AD01-4DB5-B6D0-300C0F2F966B} = {7C4E5D21-F126-4D6E-B750-846C87A4CAEE}
	EndGlobalSection
	GlobalSection(ExtensibilityGlobals) = postSolution
		SolutionGuid = {1E0CDB0D-6275-41D4-A73F-17FD21126186}
	EndGlobalSection
EndGlobal
